# Generated by buf. DO NOT EDIT.
version: v1
deps:
  - remote: buf.build
    owner: envoyproxy
    repository: protoc-gen-validate
    commit: 71881f09a0c5420a9545a07987a86728
    digest: shake256:d320bbf06653b1b2b45a1f95bfa82bf7b998221a777a042708c50d6f86a30d1a85b50c5704c597142d9b308280efe1295d39d76d1abea5f7046d3df4c8cc3cef
